
Microsoft Visual Studio Solution File, Format Version 12.00
Project("{2150E333-8FDC-42A3-9474-1A3956D46DE8}") = "src", "src", "{FD4CAFE2-3D35-458F-A9FC-297FE8655F95}"
EndProject
Project("{2150E333-8FDC-42A3-9474-1A3956D46DE8}") = "test", "test", "{DFF96896-A2A5-4FD9-90C7-FD43623D3ACC}"
EndProject
Project("{FAE04EC0-301F-11D3-BF4B-00C04F79EFBC}") = "PSyringe.Core", "src\PSyringe.Core\PSyringe.Core.csproj", "{65AB5BEF-A6A9-42EA-BCED-84D9A43A1D1E}"
EndProject
Project("{FAE04EC0-301F-11D3-BF4B-00C04F79EFBC}") = "PSyringe.Core.Test", "test\PSyringe.Core.Test\PSyringe.Core.Test.csproj", "{35F7D775-8D5B-4F61-B033-BEC1663DF6B9}"
EndProject
Project("{FAE04EC0-301F-11D3-BF4B-00C04F79EFBC}") = "PSyringe.Common", "src\PSyringe.Common\PSyringe.Common.csproj", "{D7680658-EBA5-432E-A747-899C029FEC2F}"
EndProject
Project("{FAE04EC0-301F-11D3-BF4B-00C04F79EFBC}") = "PSyringe.Language", "src\PSyringe.Language\PSyringe.Language.csproj", "{75B2637D-7C33-468B-96A8-C2B225D72EF0}"
EndProject
Project("{FAE04EC0-301F-11D3-BF4B-00C04F79EFBC}") = "PSyringe.Language.Test", "test\PSyringe.Language.Test\PSyringe.Language.Test.csproj", "{FED3AA98-ADC4-4CF4-A517-D9DD97930947}"
EndProject
Project("{FAE04EC0-301F-11D3-BF4B-00C04F79EFBC}") = "PSyringe.Common.Test", "test\PSyringe.Common.Test\PSyringe.Common.Test.csproj", "{DCF3FD9D-AB63-4DE1-84DD-B13BE85DB2BC}"
EndProject
Project("{FAE04EC0-301F-11D3-BF4B-00C04F79EFBC}") = "PSyringe.Tool", "src\PSyringe.Tool\PSyringe.Tool.csproj", "{8621FFB0-9F5C-449E-8606-BD844EF5D28B}"
EndProject
Global
	GlobalSection(SolutionConfigurationPlatforms) = preSolution
		Debug|Any CPU = Debug|Any CPU
		Release|Any CPU = Release|Any CPU
	EndGlobalSection
	GlobalSection(NestedProjects) = preSolution
		{65AB5BEF-A6A9-42EA-BCED-84D9A43A1D1E} = {FD4CAFE2-3D35-458F-A9FC-297FE8655F95}
		{35F7D775-8D5B-4F61-B033-BEC1663DF6B9} = {DFF96896-A2A5-4FD9-90C7-FD43623D3ACC}
		{D7680658-EBA5-432E-A747-899C029FEC2F} = {FD4CAFE2-3D35-458F-A9FC-297FE8655F95}
		{75B2637D-7C33-468B-96A8-C2B225D72EF0} = {FD4CAFE2-3D35-458F-A9FC-297FE8655F95}
		{FED3AA98-ADC4-4CF4-A517-D9DD97930947} = {DFF96896-A2A5-4FD9-90C7-FD43623D3ACC}
		{DCF3FD9D-AB63-4DE1-84DD-B13BE85DB2BC} = {DFF96896-A2A5-4FD9-90C7-FD43623D3ACC}
		{8621FFB0-9F5C-449E-8606-BD844EF5D28B} = {FD4CAFE2-3D35-458F-A9FC-297FE8655F95}
	EndGlobalSection
	GlobalSection(ProjectConfigurationPlatforms) = postSolution
		{65AB5BEF-A6A9-42EA-BCED-84D9A43A1D1E}.Debug|Any CPU.ActiveCfg = Debug|Any CPU
		{65AB5BEF-A6A9-42EA-BCED-84D9A43A1D1E}.Debug|Any CPU.Build.0 = Debug|Any CPU
		{65AB5BEF-A6A9-42EA-BCED-84D9A43A1D1E}.Release|Any CPU.ActiveCfg = Release|Any CPU
		{65AB5BEF-A6A9-42EA-BCED-84D9A43A1D1E}.Release|Any CPU.Build.0 = Release|Any CPU
		{35F7D775-8D5B-4F61-B033-BEC1663DF6B9}.Debug|Any CPU.ActiveCfg = Debug|Any CPU
		{35F7D775-8D5B-4F61-B033-BEC1663DF6B9}.Debug|Any CPU.Build.0 = Debug|Any CPU
		{35F7D775-8D5B-4F61-B033-BEC1663DF6B9}.Release|Any CPU.ActiveCfg = Release|Any CPU
		{35F7D775-8D5B-4F61-B033-BEC1663DF6B9}.Release|Any CPU.Build.0 = Release|Any CPU
		{D7680658-EBA5-432E-A747-899C029FEC2F}.Debug|Any CPU.ActiveCfg = Debug|Any CPU
		{D7680658-EBA5-432E-A747-899C029FEC2F}.Debug|Any CPU.Build.0 = Debug|Any CPU
		{D7680658-EBA5-432E-A747-899C029FEC2F}.Release|Any CPU.ActiveCfg = Release|Any CPU
		{D7680658-EBA5-432E-A747-899C029FEC2F}.Release|Any CPU.Build.0 = Release|Any CPU
		{75B2637D-7C33-468B-96A8-C2B225D72EF0}.Debug|Any CPU.ActiveCfg = Debug|Any CPU
		{75B2637D-7C33-468B-96A8-C2B225D72EF0}.Debug|Any CPU.Build.0 = Debug|Any CPU
		{75B2637D-7C33-468B-96A8-C2B225D72EF0}.Release|Any CPU.ActiveCfg = Release|Any CPU
		{75B2637D-7C33-468B-96A8-C2B225D72EF0}.Release|Any CPU.Build.0 = Release|Any CPU
		{FED3AA98-ADC4-4CF4-A517-D9DD97930947}.Debug|Any CPU.ActiveCfg = Debug|Any CPU
		{FED3AA98-ADC4-4CF4-A517-D9DD97930947}.Debug|Any CPU.Build.0 = Debug|Any CPU
		{FED3AA98-ADC4-4CF4-A517-D9DD97930947}.Release|Any CPU.ActiveCfg = Release|Any CPU
		{FED3AA98-ADC4-4CF4-A517-D9DD97930947}.Release|Any CPU.Build.0 = Release|Any CPU
		{DCF3FD9D-AB63-4DE1-84DD-B13BE85DB2BC}.Debug|Any CPU.ActiveCfg = Debug|Any CPU
		{DCF3FD9D-AB63-4DE1-84DD-B13BE85DB2BC}.Debug|Any CPU.Build.0 = Debug|Any CPU
		{DCF3FD9D-AB63-4DE1-84DD-B13BE85DB2BC}.Release|Any CPU.ActiveCfg = Release|Any CPU
		{DCF3FD9D-AB63-4DE1-84DD-B13BE85DB2BC}.Release|Any CPU.Build.0 = Release|Any CPU
		{8621FFB0-9F5C-449E-8606-BD844EF5D28B}.Debug|Any CPU.ActiveCfg = Debug|Any CPU
		{8621FFB0-9F5C-449E-8606-BD844EF5D28B}.Debug|Any CPU.Build.0 = Debug|Any CPU
		{8621FFB0-9F5C-449E-8606-BD844EF5D28B}.Release|Any CPU.ActiveCfg = Release|Any CPU
		{8621FFB0-9F5C-449E-8606-BD844EF5D28B}.Release|Any CPU.Build.0 = Release|Any CPU
	EndGlobalSection
EndGlobal
